{
  "name": "mergealert",
  "version": "0.1.0",
  "lockfileVersion": 3,
  "requires": true,
  "packages": {
    "": {
      "name": "mergealert",
      "version": "0.1.0",
      "license": "MIT",
      "bin": {
        "mergealert": "bin/mergealert.js"
      },
      "engines": {
        "node": ">=18"
      }
    }
  }
}
